{
  "projects": [
    {
      "projectId": "pnayxrZQDQNLaMhqWY9Kua",
      "version": "1.7.0",
      "dependencies": {},
      "lang": "ts",
      "fileLocks": [
        {
          "assetId": "pnayxrZQDQNLaMhqWY9Kua",
          "type": "projectCss",
          "checksum": "2e0eefc2a5511515388d58ea647d5933"
        },
        {
          "assetId": "pnayxrZQDQNLaMhqWY9Kua",
          "checksum": "7ca5ad042ebd44a11998544bdf442482",
          "type": "globalContexts"
        }
      ],
      "codegenVersion": "0.0.1"
    },
    {
      "projectId": "vyozepJ6xip7aaU4b7VPCN",
      "version": "latest",
      "dependencies": {
        "pnayxrZQDQNLaMhqWY9Kua": "1.7.0"
      },
      "lang": "ts",
      "fileLocks": [
        {
          "type": "globalVariant",
          "assetId": "oDU25jF0t4_39S",
          "checksum": "140180ce42aabaa27fb0c8b261fc8e1b"
        },
        {
          "assetId": "vyozepJ6xip7aaU4b7VPCN",
          "type": "projectCss",
          "checksum": "c66e3dfd1998403a1d42b1f68dd73af0"
        },
        {
          "assetId": "vyozepJ6xip7aaU4b7VPCN",
          "checksum": "bffeceb7461215fbb0a5e34b23ed32b6",
          "type": "globalContexts"
        },
        {
          "type": "renderModule",
          "assetId": "UltRNsvyTIKm92",
          "checksum": "3cabcb98d33eb173b5c640478776eaca"
        },
        {
          "type": "cssRules",
          "assetId": "UltRNsvyTIKm92",
          "checksum": "3cabcb98d33eb173b5c640478776eaca"
        },
        {
          "type": "renderModule",
          "assetId": "UBst1-0CrAf6xH",
          "checksum": "d507f7dfd5b6404e15627535ffcfb02c"
        },
        {
          "type": "cssRules",
          "assetId": "UBst1-0CrAf6xH",
          "checksum": "d507f7dfd5b6404e15627535ffcfb02c"
        },
        {
          "type": "renderModule",
          "assetId": "qer-BTKJtG4iMx",
          "checksum": "2d03f0e2d83cdafc59b89b34963ccece"
        },
        {
          "type": "cssRules",
          "assetId": "qer-BTKJtG4iMx",
          "checksum": "2d03f0e2d83cdafc59b89b34963ccece"
        },
        {
          "type": "renderModule",
          "assetId": "cqSkO3vGyhbuAq",
          "checksum": "1f5d02ff74d139580e0eee0c0e37e934"
        },
        {
          "type": "cssRules",
          "assetId": "cqSkO3vGyhbuAq",
          "checksum": "1f5d02ff74d139580e0eee0c0e37e934"
        },
        {
          "type": "renderModule",
          "assetId": "s6PbP_OAcqI8b0",
          "checksum": "46a6a772324d5f50966492ffbe350e5d"
        },
        {
          "type": "cssRules",
          "assetId": "s6PbP_OAcqI8b0",
          "checksum": "46a6a772324d5f50966492ffbe350e5d"
        },
        {
          "type": "renderModule",
          "assetId": "nxbJNa_1gtQC8o",
          "checksum": "e156e1aaff418b75b7c88a34b3d0daba"
        },
        {
          "type": "cssRules",
          "assetId": "nxbJNa_1gtQC8o",
          "checksum": "e156e1aaff418b75b7c88a34b3d0daba"
        },
        {
          "type": "renderModule",
          "assetId": "ixdB81W5meDT3-",
          "checksum": "0d7fe6e3d1865bab304bb09c459808fa"
        },
        {
          "type": "cssRules",
          "assetId": "ixdB81W5meDT3-",
          "checksum": "0d7fe6e3d1865bab304bb09c459808fa"
        },
        {
          "type": "renderModule",
          "assetId": "Srfy7qgtY9Cpyl",
          "checksum": "b9aaa571b286647bc7138d681bf98d5e"
        },
        {
          "type": "cssRules",
          "assetId": "Srfy7qgtY9Cpyl",
          "checksum": "b9aaa571b286647bc7138d681bf98d5e"
        },
        {
          "type": "renderModule",
          "assetId": "LDUJMecI5u8lbb",
          "checksum": "2f4a58b6074c7d742462fcb6ef2fe3c0"
        },
        {
          "type": "cssRules",
          "assetId": "LDUJMecI5u8lbb",
          "checksum": "2f4a58b6074c7d742462fcb6ef2fe3c0"
        },
        {
          "type": "renderModule",
          "assetId": "oY7eb84I4tAdR1",
          "checksum": "0c90c616d5c19faf95ec109fd6f52f7e"
        },
        {
          "type": "cssRules",
          "assetId": "oY7eb84I4tAdR1",
          "checksum": "0c90c616d5c19faf95ec109fd6f52f7e"
        },
        {
          "type": "renderModule",
          "assetId": "7HssrmuA-MYOA1",
          "checksum": "9e1f5c1f0ab4d30754b9041680b57d91"
        },
        {
          "type": "cssRules",
          "assetId": "7HssrmuA-MYOA1",
          "checksum": "9e1f5c1f0ab4d30754b9041680b57d91"
        },
        {
          "type": "icon",
          "assetId": "9R_rAz-20yK2Ml",
          "checksum": "86f2705bf95b7093e8b863db8a06e840"
        },
        {
          "type": "icon",
          "assetId": "dtj-tT_xeBpAUH",
          "checksum": "2f25c3a832dedc532515595684617bf3"
        },
        {
          "type": "icon",
          "assetId": "lsiEHczdYD0Wid",
          "checksum": "93e79be8d51023b8d7f0e153f88bd432"
        },
        {
          "type": "icon",
          "assetId": "D3AV_KXXl1ydsb",
          "checksum": "8677a1f1277d779629b204d007ab4165"
        },
        {
          "type": "icon",
          "assetId": "XlKDcLTzFzU4We",
          "checksum": "ee4f03c31b3c4f2c56569b533e7474cc"
        },
        {
          "type": "icon",
          "assetId": "yvXIQK0y7UIOaR",
          "checksum": "daabc8ebb74f643bd8b73dc691819c5f"
        },
        {
          "type": "icon",
          "assetId": "M83FA2ZZq45Xak",
          "checksum": "b5c30a9409450335e24110876e6d0a3a"
        },
        {
          "type": "icon",
          "assetId": "CoSEPSZCoxfxMT",
          "checksum": "c0bf3952742b4a813afbdb7de98b0a3e"
        },
        {
          "type": "icon",
          "assetId": "0ftfw0cZbPRQOw",
          "checksum": "b4708bff99ecd93a391ffa0d9adf01ee"
        },
        {
          "type": "icon",
          "assetId": "euJgxecWUGdhDv",
          "checksum": "d1555ceeecac0c3266ed4953df9bc2c8"
        },
        {
          "type": "icon",
          "assetId": "JgsDGRB7Ja1cRU",
          "checksum": "3f40b92c075b338b83377aca199f2fec"
        },
        {
          "type": "icon",
          "assetId": "q-7SFlT3UteAro",
          "checksum": "9e1515ae5addc7221917430cce306687"
        },
        {
          "type": "icon",
          "assetId": "1rTSeHT2s1RG6R",
          "checksum": "f7995adf73deee3f293d57699a1f3eac"
        },
        {
          "type": "icon",
          "assetId": "A3fNHoJGfx39EI",
          "checksum": "d634cacfb94281ae2a1e1d1a7ad2390c"
        },
        {
          "type": "icon",
          "assetId": "jm-GOmD_wRCiwy",
          "checksum": "1e6ab9552926120840c9b2c75094167d"
        },
        {
          "type": "icon",
          "assetId": "QqGFMh72WAuDSo",
          "checksum": "107810789b356b6107d1373ce9f92fee"
        },
        {
          "type": "icon",
          "assetId": "G-eeP_gM77Fdy2",
          "checksum": "561378fff53957468080331d45b86074"
        },
        {
          "type": "icon",
          "assetId": "TsJWu0SNs2LIIh",
          "checksum": "61da66cae18603a0212f56a12b5c610c"
        },
        {
          "type": "icon",
          "assetId": "9YGc9a0RGa41p2",
          "checksum": "194230a8588ea5b0cedef434d079a9f1"
        },
        {
          "type": "icon",
          "assetId": "IVOYRmO45OZNRj",
          "checksum": "a50104ae5e268d94b3f9396ce6fb8cce"
        },
        {
          "type": "icon",
          "assetId": "9GOsH6esTosUbg",
          "checksum": "573da80ba7e2f0b2cfe6988d097b1e86"
        },
        {
          "type": "icon",
          "assetId": "f58KdFnSCt_zGv",
          "checksum": "d3d46dbb6dca225b27077cfc1b6d08cf"
        },
        {
          "type": "icon",
          "assetId": "JtGbGS_xkOZ4-b",
          "checksum": "b3c6acd86e0a051ebe717a7da83cd3cf"
        },
        {
          "type": "icon",
          "assetId": "uGwUOBJGyp7siA",
          "checksum": "7313da7c74a63f4290a31f1a5b3212b9"
        },
        {
          "type": "icon",
          "assetId": "buQIjCEDNidbCS",
          "checksum": "bd6924deea275709cced14250618175c"
        },
        {
          "type": "icon",
          "assetId": "OHoQR957Aci72J",
          "checksum": "518339ce38f55704d83e9625e9a09e58"
        },
        {
          "type": "icon",
          "assetId": "fObtMN6BV8u5yJ",
          "checksum": "8b36590665cbec153f57b02f0f9c5250"
        },
        {
          "type": "icon",
          "assetId": "zD8ry4J4RHA6MB",
          "checksum": "e73c6d055552ab1e4f10b05457dd4dcd"
        },
        {
          "type": "icon",
          "assetId": "Voof3Z-uLmLAPy",
          "checksum": "de7da5db99db09e089c08e5377825977"
        },
        {
          "type": "icon",
          "assetId": "jTx1pWXXpaanLN",
          "checksum": "bfe4e807b4cbcdf4ff8caaf367d321b7"
        },
        {
          "type": "icon",
          "assetId": "VWQizdFEawGw-h",
          "checksum": "004051fc7769e4a3ecf439b1ca475397"
        },
        {
          "type": "icon",
          "assetId": "NpLlvT2qxQhrJS",
          "checksum": "aaaf8b89a2c59ee9e761324e08e24460"
        },
        {
          "type": "icon",
          "assetId": "7Lyu2mkUtNjX8g",
          "checksum": "33713822e55b1fe7c6dc87e8cc8b3cee"
        },
        {
          "type": "icon",
          "assetId": "PisQA0bDLSCcll",
          "checksum": "e03938649ba7dcb5e0f1b782df062d8c"
        },
        {
          "type": "icon",
          "assetId": "g7iO7wfVpNO-15",
          "checksum": "e4ffd3c89d3ee986390fe1d931b37526"
        },
        {
          "type": "icon",
          "assetId": "I3-66LbzmD6F_o",
          "checksum": "a00efea387fa9b33e792ecb92b4cebe2"
        },
        {
          "type": "icon",
          "assetId": "FLxfRr6H03ftrU",
          "checksum": "dabd5347019b99e1c6ee864d93993f8d"
        },
        {
          "type": "icon",
          "assetId": "kt5ESrfQvQsGsR",
          "checksum": "3e15c0cf9ffe0bb9cb61db09b901395c"
        },
        {
          "type": "icon",
          "assetId": "CgtJOdD6gfsVt1",
          "checksum": "952ad7c25fa093ade2c8895d1234f049"
        },
        {
          "type": "image",
          "assetId": "0IGhf-BkMoT79x",
          "checksum": "61b7973e604133fd196fb268bdf07bbd"
        },
        {
          "type": "image",
          "assetId": "d_zaXz9oSo5_5V",
          "checksum": "b38751a49cfec7186257d4e23a2ee258"
        },
        {
          "type": "image",
          "assetId": "65a9KnIvlnbvhx",
          "checksum": "c56bf183e730f2e09d746a57875ddf92"
        },
        {
          "type": "image",
          "assetId": "XCSK689yVqLsPb",
          "checksum": "242c6042cfdb825da491dff622ba1b75"
        },
        {
          "type": "image",
          "assetId": "0gyomHXwhQkLa5",
          "checksum": "e03aaae90c192808094fe77d71b0429a"
        },
        {
          "type": "image",
          "assetId": "8Tjx6iTapfxL_w",
          "checksum": "4c6767ffa849c8f1db451e133d2841fe"
        },
        {
          "type": "image",
          "assetId": "YrHU3Sut5ZdtUH",
          "checksum": "83653d9f65d228063b88f8d3c88403ed"
        },
        {
          "type": "image",
          "assetId": "38KbWXCsdyNQBG",
          "checksum": "baa415b11d6b0a8c05abd302581311cc"
        },
        {
          "type": "image",
          "assetId": "iJoQHG6bgAbi-x",
          "checksum": "152037713040689deca3c2609dbf56f2"
        },
        {
          "type": "image",
          "assetId": "nxn90wcXZbm5l-",
          "checksum": "e7d9d20a862518e3966915a5fe9d5d5b"
        },
        {
          "type": "image",
          "assetId": "PxGUsdjcHQY1xt",
          "checksum": "ebd9be85b36b4f6d12bc6d1520d88c50"
        },
        {
          "type": "image",
          "assetId": "nqa2jnXJhhHgKt",
          "checksum": "2536f8eca2bba261176dd5838f1e06e9"
        },
        {
          "type": "image",
          "assetId": "D3-aFmH-CQ_XKj",
          "checksum": "91474fd29ab633708ecee8933fb801d8"
        },
        {
          "type": "image",
          "assetId": "-_rY1CtO0fa-IH",
          "checksum": "0eec93ca4ff3871c644de7a2162dc8a6"
        },
        {
          "type": "image",
          "assetId": "THfQUJbf5LgAyv",
          "checksum": "36da34aaeb5f6d18b95e3e48d4d4ea41"
        },
        {
          "type": "image",
          "assetId": "7AlYYlafpxgHds",
          "checksum": "51307c6921620aea71b5bf8ea4c1ce07"
        },
        {
          "type": "image",
          "assetId": "xSyMs1sA3jVYCO",
          "checksum": "781585fa9c0d53ba45877ece41e0c1a3"
        },
        {
          "type": "image",
          "assetId": "tUlL8CMqZ0HG9h",
          "checksum": "b7c80c09a208c54bc843a158fe157b33"
        },
        {
          "type": "image",
          "assetId": "uJSsgiwV8jem_x",
          "checksum": "3b943cf733c21fc7a5f950d3de0a5f89"
        },
        {
          "type": "image",
          "assetId": "9PsH-lN7xqM5oA",
          "checksum": "5a143644cc12e156e69c280ffb2a893d"
        },
        {
          "type": "image",
          "assetId": "KlRSLLj-WKf1D3",
          "checksum": "7ebb462c2f65c41e424644bd6bd41caf"
        },
        {
          "type": "image",
          "assetId": "8nvFGRkf4vuAtJ",
          "checksum": "928e9e21808d19a129f67d8cf74e0f76"
        },
        {
          "type": "image",
          "assetId": "hEkO2kfw5r-SR1",
          "checksum": "12c0132bb8295da0a9c41c956693c466"
        },
        {
          "type": "image",
          "assetId": "MwJiYf9LQf8aGN",
          "checksum": "be092636de912f836e37702ec4e135c3"
        },
        {
          "type": "image",
          "assetId": "JyjHUzFysdpPRh",
          "checksum": "f002eb53e721851837f2df33f52f3d10"
        },
        {
          "type": "image",
          "assetId": "GcBTmoP971YsYd",
          "checksum": "f52ebd3cb6da90c76e366d08b7e6fa68"
        },
        {
          "type": "image",
          "assetId": "yUCj1izRJ0MIt1",
          "checksum": "0d199c87bc0d32eabe6f1d004dc90a77"
        },
        {
          "type": "image",
          "assetId": "k3X8JHawyxDSMn",
          "checksum": "4c1f5afdacf8fa68b0888866be00c231"
        },
        {
          "type": "image",
          "assetId": "wt7H9-_HWyLclJ",
          "checksum": "623ec19f651c82eb12c5fd3c886ae554"
        },
        {
          "type": "image",
          "assetId": "Cylc_7scse2zeW",
          "checksum": "bdc3fa3d6a3fc2ef5c9874a6faf42ec0"
        },
        {
          "type": "image",
          "assetId": "3_8tdHXKi6G1Js",
          "checksum": "9967dc20c58797c54c956ef58fd2b1e4"
        },
        {
          "type": "image",
          "assetId": "gxDoZtis45WH7m",
          "checksum": "1b063470dbcad85b8a49294b798baf8d"
        }
      ],
      "codegenVersion": "0.0.1"
    }
  ],
  "cliVersion": "0.1.187"
}
